
Microsoft Visual Studio Solution File, Format Version 12.00
# Visual Studio 15
VisualStudioVersion = 15.0.27130.2026
MinimumVisualStudioVersion = 10.0.40219.1
Project("{9A19103F-16F7-4668-BE54-9A1E7A4F7556}") = "DeckOfCards.API", "DeckOfCards.API\DeckOfCards.API.csproj", "{1F27EC74-24FA-4E87-A243-302BF229D498}"
EndProject
Global
	GlobalSection(SolutionConfigurationPlatforms) = preSolution
		Debug|Any CPU = Debug|Any CPU
		Release|Any CPU = Release|Any CPU
	EndGlobalSection
	GlobalSection(ProjectConfigurationPlatforms) = postSolution
		{1F27EC74-24FA-4E87-A243-302BF229D498}.Debug|Any CPU.ActiveCfg = Debug|Any CPU
		{1F27EC74-24FA-4E87-A243-302BF229D498}.Debug|Any CPU.Build.0 = Debug|Any CPU
		{1F27EC74-24FA-4E87-A243-302BF229D498}.Release|Any CPU.ActiveCfg = Release|Any CPU
		{1F27EC74-24FA-4E87-A243-302BF229D498}.Release|Any CPU.Build.0 = Release|Any CPU
	EndGlobalSection
	GlobalSection(SolutionProperties) = preSolution
		HideSolutionNode = FALSE
	EndGlobalSection
	GlobalSection(ExtensibilityGlobals) = postSolution
		SolutionGuid = {BFFC80A0-B4F4-4BD7-9B14-46EE5E3ACC93}
	EndGlobalSection
EndGlobal
